// !$*UTF8*$!
{
	archiveVersion = 1;
	classes = {
	};
	objectVersion = 51;
	objects = {

/* Begin PBXBuildFile section */
		46BD78418D4087C1A660D9DE /* Pods_Willson.framework in Frameworks */ = {isa = PBXBuildFile; fileRef = 9794B654C502E453FEF56F6A /* Pods_Willson.framework */; };
		660D086322CCEAAC00FD3F5C /* MyPageViewController.swift in Sources */ = {isa = PBXBuildFile; fileRef = 660D086222CCEAAC00FD3F5C /* MyPageViewController.swift */; };
		66316A2622D202790033B519 /* AskerChatRoomViewController.swift in Sources */ = {isa = PBXBuildFile; fileRef = 66316A2522D202790033B519 /* AskerChatRoomViewController.swift */; };
		66316A2A22D20EED0033B519 /* UILabel_extension.swift in Sources */ = {isa = PBXBuildFile; fileRef = 66316A2922D20EED0033B519 /* UILabel_extension.swift */; };
		6632768222D10671005DC6DC /* ChatHeaderTVC.swift in Sources */ = {isa = PBXBuildFile; fileRef = 6632768122D10671005DC6DC /* ChatHeaderTVC.swift */; };
		6632768422D10686005DC6DC /* ChatHeaderTVC.xib in Resources */ = {isa = PBXBuildFile; fileRef = 6632768322D10686005DC6DC /* ChatHeaderTVC.xib */; };
		663368CA22CD36D800C3C694 /* PopUpViewController4.swift in Sources */ = {isa = PBXBuildFile; fileRef = 663368C922CD36D800C3C694 /* PopUpViewController4.swift */; };
		6633E3EB22D3CAE600DF81AC /* ServerString.swift in Sources */ = {isa = PBXBuildFile; fileRef = 6633E3EA22D3CAE600DF81AC /* ServerString.swift */; };
		6633E3F122D3D63100DF81AC /* UserSigninService.swift in Sources */ = {isa = PBXBuildFile; fileRef = 6633E3F022D3D63100DF81AC /* UserSigninService.swift */; };
		6633E3F922D436D400DF81AC /* SignIn.swift in Sources */ = {isa = PBXBuildFile; fileRef = 6633E3F822D436D300DF81AC /* SignIn.swift */; };
		6633E3FD22D4840300DF81AC /* SignInData.swift in Sources */ = {isa = PBXBuildFile; fileRef = 6633E3FC22D4840300DF81AC /* SignInData.swift */; };
		6633E3FF22D4947100DF81AC /* HelperStoryData.swift in Sources */ = {isa = PBXBuildFile; fileRef = 6633E3FE22D4947100DF81AC /* HelperStoryData.swift */; };
		6634344222C67ED500D419EC /* NanumSquareEB.ttf in Resources */ = {isa = PBXBuildFile; fileRef = 6634344122C67E8300D419EC /* NanumSquareEB.ttf */; };
		6634344322C67EDF00D419EC /* NanumSquareB.ttf in Resources */ = {isa = PBXBuildFile; fileRef = 6634344022C67E4500D419EC /* NanumSquareB.ttf */; };
		6634344422C67EE300D419EC /* NanumSquareR.ttf in Resources */ = {isa = PBXBuildFile; fileRef = 6634343F22C67E2F00D419EC /* NanumSquareR.ttf */; };
		6634344522C67EE600D419EC /* NanumSquareL.ttf in Resources */ = {isa = PBXBuildFile; fileRef = 6634343E22C67E0E00D419EC /* NanumSquareL.ttf */; };
		6634344722C755B500D419EC /* AskerLoginViewController.swift in Sources */ = {isa = PBXBuildFile; fileRef = 6634344622C755B500D419EC /* AskerLoginViewController.swift */; };
		6634344922C7BEE600D419EC /* AskerSignUpViewController1.swift in Sources */ = {isa = PBXBuildFile; fileRef = 6634344822C7BEE600D419EC /* AskerSignUpViewController1.swift */; };
		6634344B22C7BF0300D419EC /* AskerSignUpViewController2.swift in Sources */ = {isa = PBXBuildFile; fileRef = 6634344A22C7BF0300D419EC /* AskerSignUpViewController2.swift */; };
		663835B522C9BAE3003265C7 /* AskerMainViewController.swift in Sources */ = {isa = PBXBuildFile; fileRef = 663835B422C9BAE3003265C7 /* AskerMainViewController.swift */; };
		663835B922C9BC30003265C7 /* Slide.swift in Sources */ = {isa = PBXBuildFile; fileRef = 663835B822C9BC30003265C7 /* Slide.swift */; };
		663835BB22C9C82D003265C7 /* Slide.xib in Resources */ = {isa = PBXBuildFile; fileRef = 663835BA22C9C82C003265C7 /* Slide.xib */; };
		663835BF22C9ECDA003265C7 /* ReviewSlide.swift in Sources */ = {isa = PBXBuildFile; fileRef = 663835BE22C9ECDA003265C7 /* ReviewSlide.swift */; };
		663835C122C9ECED003265C7 /* ReviewSlide.xib in Resources */ = {isa = PBXBuildFile; fileRef = 663835C022C9ECED003265C7 /* ReviewSlide.xib */; };
		663835C422CA2A09003265C7 /* AskerRequestViewController.swift in Sources */ = {isa = PBXBuildFile; fileRef = 663835C322CA2A09003265C7 /* AskerRequestViewController.swift */; };
		663835C622CA33F9003265C7 /* CustonView.swift in Sources */ = {isa = PBXBuildFile; fileRef = 663835C522CA33F9003265C7 /* CustonView.swift */; };
		663835CA22CA3E54003265C7 /* HelperCollectionViewCell.swift in Sources */ = {isa = PBXBuildFile; fileRef = 663835C922CA3E54003265C7 /* HelperCollectionViewCell.swift */; };
		663835CC22CA3EBC003265C7 /* HelperCollectionViewCell.xib in Resources */ = {isa = PBXBuildFile; fileRef = 663835CB22CA3EBC003265C7 /* HelperCollectionViewCell.xib */; };
		663835D022CA6A53003265C7 /* HelperProfileViewController.swift in Sources */ = {isa = PBXBuildFile; fileRef = 663835CF22CA6A53003265C7 /* HelperProfileViewController.swift */; };
		663835D222CA87A8003265C7 /* PopUpViewController.swift in Sources */ = {isa = PBXBuildFile; fileRef = 663835D122CA87A8003265C7 /* PopUpViewController.swift */; };
		663835D422CAFDD7003265C7 /* AskerSNSSignUpViewController.swift in Sources */ = {isa = PBXBuildFile; fileRef = 663835D322CAFDD7003265C7 /* AskerSNSSignUpViewController.swift */; };
		663F829622CFFD9000EAD932 /* HelperEnrollExperienceViewController.swift in Sources */ = {isa = PBXBuildFile; fileRef = 663F829522CFFD9000EAD932 /* HelperEnrollExperienceViewController.swift */; };
		663F829822D0606800EAD932 /* HelperEnrollIntroViewController.swift in Sources */ = {isa = PBXBuildFile; fileRef = 663F829722D0606800EAD932 /* HelperEnrollIntroViewController.swift */; };
		663F829C22D068B300EAD932 /* HelperEnrollInfoViewController.swift in Sources */ = {isa = PBXBuildFile; fileRef = 663F829B22D068B300EAD932 /* HelperEnrollInfoViewController.swift */; };
		663F829E22D07AF000EAD932 /* HelperEnrollCertificateViewController.swift in Sources */ = {isa = PBXBuildFile; fileRef = 663F829D22D07AF000EAD932 /* HelperEnrollCertificateViewController.swift */; };
		663F82A022D0A76800EAD932 /* HelperChatRoomViewController.swift in Sources */ = {isa = PBXBuildFile; fileRef = 663F829F22D0A76800EAD932 /* HelperChatRoomViewController.swift */; };
		663F82AB22D0D7F700EAD932 /* ChatTableViewCell.swift in Sources */ = {isa = PBXBuildFile; fileRef = 663F82AA22D0D7F700EAD932 /* ChatTableViewCell.swift */; };
		663F82AD22D0D81800EAD932 /* ChatTableViewCell.xib in Resources */ = {isa = PBXBuildFile; fileRef = 663F82AC22D0D81800EAD932 /* ChatTableViewCell.xib */; };
		669624F722CC5F2D00599E96 /* HelperReviewCollectionViewCell.swift in Sources */ = {isa = PBXBuildFile; fileRef = 669624F522CC5F2D00599E96 /* HelperReviewCollectionViewCell.swift */; };
		669624F822CC5F2D00599E96 /* HelperReviewCollectionViewCell.xib in Resources */ = {isa = PBXBuildFile; fileRef = 669624F622CC5F2D00599E96 /* HelperReviewCollectionViewCell.xib */; };
		66AF81B022CFA4DC00722FF2 /* HelperEnrollStartViewController.swift in Sources */ = {isa = PBXBuildFile; fileRef = 66AF81AF22CFA4DC00722FF2 /* HelperEnrollStartViewController.swift */; };
		66AF81B222CFAA7000722FF2 /* UINavigationbar_Extension.swift in Sources */ = {isa = PBXBuildFile; fileRef = 66AF81B122CFAA6F00722FF2 /* UINavigationbar_Extension.swift */; };
		66AF81B422CFAB9600722FF2 /* HelperEnrollCategoryViewController.swift in Sources */ = {isa = PBXBuildFile; fileRef = 66AF81B322CFAB9600722FF2 /* HelperEnrollCategoryViewController.swift */; };
		66AF81B622CFC09100722FF2 /* HelperEnrollDetailCategoryViewController.swift in Sources */ = {isa = PBXBuildFile; fileRef = 66AF81B522CFC09100722FF2 /* HelperEnrollDetailCategoryViewController.swift */; };
		66C661CE22CC8F3D008A451F /* PopUpViewController3.swift in Sources */ = {isa = PBXBuildFile; fileRef = 66C661CD22CC8F3D008A451F /* PopUpViewController3.swift */; };
		66D7E07122D4F16300AC0C9B /* SignUp.swift in Sources */ = {isa = PBXBuildFile; fileRef = 66D7E07022D4F16300AC0C9B /* SignUp.swift */; };
		66D7E07322D4F19300AC0C9B /* SignUpData.swift in Sources */ = {isa = PBXBuildFile; fileRef = 66D7E07222D4F19300AC0C9B /* SignUpData.swift */; };
		66E5E78022CB500400B43D93 /* PopUpViewController2.swift in Sources */ = {isa = PBXBuildFile; fileRef = 66E5E77F22CB500400B43D93 /* PopUpViewController2.swift */; };
		66E5E78222CB809C00B43D93 /* PopUpVC.swift in Sources */ = {isa = PBXBuildFile; fileRef = 66E5E78122CB809C00B43D93 /* PopUpVC.swift */; };
		66E5E78422CBC2DC00B43D93 /* UIViewController_Extension.swift in Sources */ = {isa = PBXBuildFile; fileRef = 66E5E78322CBC2DC00B43D93 /* UIViewController_Extension.swift */; };
		D915535222D1FB9C00A38390 /* Splash.storyboard in Resources */ = {isa = PBXBuildFile; fileRef = D915535122D1FB9C00A38390 /* Splash.storyboard */; };
		D915535422D1FBC100A38390 /* SplashViewController.swift in Sources */ = {isa = PBXBuildFile; fileRef = D915535322D1FBC100A38390 /* SplashViewController.swift */; };
		D915535622D20EC400A38390 /* CustomButton.swift in Sources */ = {isa = PBXBuildFile; fileRef = D915535522D20EC400A38390 /* CustomButton.swift */; };
		D915F8A222CDCB40009DA734 /* AskerTabbar.storyboard in Resources */ = {isa = PBXBuildFile; fileRef = D915F8A122CDCB40009DA734 /* AskerTabbar.storyboard */; };
		D915F8A422CDCE60009DA734 /* AskerChatListViewController.swift in Sources */ = {isa = PBXBuildFile; fileRef = D915F8A322CDCE60009DA734 /* AskerChatListViewController.swift */; };
		D9162FA922D4F4750018E471 /* ProblemDetailViewController.swift in Sources */ = {isa = PBXBuildFile; fileRef = D9162FA822D4F4750018E471 /* ProblemDetailViewController.swift */; };
		D9162FAC22D4F4B80018E471 /* HelperRequestTitleCollectionViewCell.swift in Sources */ = {isa = PBXBuildFile; fileRef = D9162FAA22D4F4B80018E471 /* HelperRequestTitleCollectionViewCell.swift */; };
		D9162FAD22D4F4B80018E471 /* HelperRequestTitleCollectionViewCell.xib in Resources */ = {isa = PBXBuildFile; fileRef = D9162FAB22D4F4B80018E471 /* HelperRequestTitleCollectionViewCell.xib */; };
		D9162FB022D511870018E471 /* ProblemDetailTitleTableViewCell.swift in Sources */ = {isa = PBXBuildFile; fileRef = D9162FAE22D511870018E471 /* ProblemDetailTitleTableViewCell.swift */; };
		D9162FB122D511870018E471 /* ProblemDetailTitleTableViewCell.xib in Resources */ = {isa = PBXBuildFile; fileRef = D9162FAF22D511870018E471 /* ProblemDetailTitleTableViewCell.xib */; };
		D9162FB422D519D20018E471 /* ProblemDetailTableViewCell.swift in Sources */ = {isa = PBXBuildFile; fileRef = D9162FB222D519D20018E471 /* ProblemDetailTableViewCell.swift */; };
		D9162FB522D519D20018E471 /* ProblemDetailTableViewCell.xib in Resources */ = {isa = PBXBuildFile; fileRef = D9162FB322D519D20018E471 /* ProblemDetailTableViewCell.xib */; };
		D918A54922D3A97D001DCCBE /* CollectionReusableView.swift in Sources */ = {isa = PBXBuildFile; fileRef = D918A54822D3A97D001DCCBE /* CollectionReusableView.swift */; };
		D918A54B22D3ACD2001DCCBE /* HelperStory.swift in Sources */ = {isa = PBXBuildFile; fileRef = D918A54A22D3ACD2001DCCBE /* HelperStory.swift */; };
		D918A54D22D3ADC3001DCCBE /* HelperStoryService.swift in Sources */ = {isa = PBXBuildFile; fileRef = D918A54C22D3ADC3001DCCBE /* HelperStoryService.swift */; };
		D92C2C4B22CFFCEA004F7CAB /* FinishChatViewController.swift in Sources */ = {isa = PBXBuildFile; fileRef = D92C2C4A22CFFCEA004F7CAB /* FinishChatViewController.swift */; };
		D92C2C4D22CFFD05004F7CAB /* CompleteReviewViewController.swift in Sources */ = {isa = PBXBuildFile; fileRef = D92C2C4C22CFFD05004F7CAB /* CompleteReviewViewController.swift */; };
		D92C2C4F22D00A52004F7CAB /* ExaminHelperViewController.swift in Sources */ = {isa = PBXBuildFile; fileRef = D92C2C4E22D00A52004F7CAB /* ExaminHelperViewController.swift */; };
		D92C2C5122D00A70004F7CAB /* HelperNoRequestViewController.swift in Sources */ = {isa = PBXBuildFile; fileRef = D92C2C5022D00A70004F7CAB /* HelperNoRequestViewController.swift */; };
		D965850622C4E7E40072CC5E /* AppDelegate.swift in Sources */ = {isa = PBXBuildFile; fileRef = D965850522C4E7E40072CC5E /* AppDelegate.swift */; };
		D965850B22C4E7E40072CC5E /* AskerMain.storyboard in Resources */ = {isa = PBXBuildFile; fileRef = D965850922C4E7E40072CC5E /* AskerMain.storyboard */; };
		D965850D22C4E7E60072CC5E /* Assets.xcassets in Resources */ = {isa = PBXBuildFile; fileRef = D965850C22C4E7E60072CC5E /* Assets.xcassets */; };
		D965851022C4E7E60072CC5E /* LaunchScreen.storyboard in Resources */ = {isa = PBXBuildFile; fileRef = D965850E22C4E7E60072CC5E /* LaunchScreen.storyboard */; };
		D965852D22C4EB2C0072CC5E /* AskerSignUp.storyboard in Resources */ = {isa = PBXBuildFile; fileRef = D965852C22C4EB2C0072CC5E /* AskerSignUp.storyboard */; };
		D965852F22C4EB430072CC5E /* AskerLogin.storyboard in Resources */ = {isa = PBXBuildFile; fileRef = D965852E22C4EB430072CC5E /* AskerLogin.storyboard */; };
		D965853122C4EB4F0072CC5E /* AskerRequest.storyboard in Resources */ = {isa = PBXBuildFile; fileRef = D965853022C4EB4F0072CC5E /* AskerRequest.storyboard */; };
		D965853322C4EB560072CC5E /* AskerChat.storyboard in Resources */ = {isa = PBXBuildFile; fileRef = D965853222C4EB560072CC5E /* AskerChat.storyboard */; };
		D965853522C4EB6B0072CC5E /* AskerMypage.storyboard in Resources */ = {isa = PBXBuildFile; fileRef = D965853422C4EB6B0072CC5E /* AskerMypage.storyboard */; };
		D965853722C4EB890072CC5E /* AskerList.storyboard in Resources */ = {isa = PBXBuildFile; fileRef = D965853622C4EB890072CC5E /* AskerList.storyboard */; };
		D965853B22C4EBC00072CC5E /* HelperMypage.storyboard in Resources */ = {isa = PBXBuildFile; fileRef = D965853A22C4EBC00072CC5E /* HelperMypage.storyboard */; };
		D965853D22C4EBCA0072CC5E /* HelperProfile.storyboard in Resources */ = {isa = PBXBuildFile; fileRef = D965853C22C4EBCA0072CC5E /* HelperProfile.storyboard */; };
		D965853F22C4EBD70072CC5E /* HelperChat.storyboard in Resources */ = {isa = PBXBuildFile; fileRef = D965853E22C4EBD70072CC5E /* HelperChat.storyboard */; };
		D965854122C4EBE50072CC5E /* HelperRequest.storyboard in Resources */ = {isa = PBXBuildFile; fileRef = D965854022C4EBE50072CC5E /* HelperRequest.storyboard */; };
		D965854322C4EBF60072CC5E /* HelperSignUp.storyboard in Resources */ = {isa = PBXBuildFile; fileRef = D965854222C4EBF60072CC5E /* HelperSignUp.storyboard */; };
		D982BCC322C9F9A300458662 /* AskerListStartViewController.swift in Sources */ = {isa = PBXBuildFile; fileRef = D982BCC222C9F9A300458662 /* AskerListStartViewController.swift */; };
		D982BCC522CA025200458662 /* AskerList1_CategoryViewController.swift in Sources */ = {isa = PBXBuildFile; fileRef = D982BCC422CA025200458662 /* AskerList1_CategoryViewController.swift */; };
		D982BCC722CA0B2A00458662 /* AskerList2_FeelViewController.swift in Sources */ = {isa = PBXBuildFile; fileRef = D982BCC622CA0B2A00458662 /* AskerList2_FeelViewController.swift */; };
		D98BA5C022D0119800E72C02 /* HelperRequestViewController.swift in Sources */ = {isa = PBXBuildFile; fileRef = D98BA5BF22D0119800E72C02 /* HelperRequestViewController.swift */; };
		D98BA5C422D0131500E72C02 /* HelperRequestCollectionViewCell.swift in Sources */ = {isa = PBXBuildFile; fileRef = D98BA5C222D0131500E72C02 /* HelperRequestCollectionViewCell.swift */; };
		D98BA5C522D0131500E72C02 /* HelperRequestCollectionViewCell.xib in Resources */ = {isa = PBXBuildFile; fileRef = D98BA5C322D0131500E72C02 /* HelperRequestCollectionViewCell.xib */; };
		D9AC036A22CDEB7200E16AD8 /* HelperModeProfileViewController.swift in Sources */ = {isa = PBXBuildFile; fileRef = D9AC036922CDEB7200E16AD8 /* HelperModeProfileViewController.swift */; };
		D9AC036C22CE18F500E16AD8 /* AskerList4_DetailViewController.swift in Sources */ = {isa = PBXBuildFile; fileRef = D9AC036B22CE18F500E16AD8 /* AskerList4_DetailViewController.swift */; };
		D9AC036E22CE192D00E16AD8 /* AskerList3_ImpactViewController.swift in Sources */ = {isa = PBXBuildFile; fileRef = D9AC036D22CE192D00E16AD8 /* AskerList3_ImpactViewController.swift */; };
		D9AC037022CE196F00E16AD8 /* AskerList5_HelperSexViewController.swift in Sources */ = {isa = PBXBuildFile; fileRef = D9AC036F22CE196F00E16AD8 /* AskerList5_HelperSexViewController.swift */; };
		D9AC037222CE199500E16AD8 /* AskerList6_HelperCharacterViewController.swift in Sources */ = {isa = PBXBuildFile; fileRef = D9AC037122CE199500E16AD8 /* AskerList6_HelperCharacterViewController.swift */; };
		D9AC037422CE1A1100E16AD8 /* AskerList7_HelperExperienceViewController.swift in Sources */ = {isa = PBXBuildFile; fileRef = D9AC037322CE1A1100E16AD8 /* AskerList7_HelperExperienceViewController.swift */; };
		D9AC037622CE1A3000E16AD8 /* AskerList8_ChatDirectionViewController.swift in Sources */ = {isa = PBXBuildFile; fileRef = D9AC037522CE1A3000E16AD8 /* AskerList8_ChatDirectionViewController.swift */; };
		D9AC037822CE1A4D00E16AD8 /* AskerList9_AgreementViewController.swift in Sources */ = {isa = PBXBuildFile; fileRef = D9AC037722CE1A4D00E16AD8 /* AskerList9_AgreementViewController.swift */; };
		D9AC038222CE1DA400E16AD8 /* ConcernCollectionViewCell.swift in Sources */ = {isa = PBXBuildFile; fileRef = D9AC038022CE1DA400E16AD8 /* ConcernCollectionViewCell.swift */; };
		D9AC038322CE1DA400E16AD8 /* ConcernCollectionViewCell.xib in Resources */ = {isa = PBXBuildFile; fileRef = D9AC038122CE1DA400E16AD8 /* ConcernCollectionViewCell.xib */; };
		D9AC038622CE601C00E16AD8 /* FeelCollectionViewCell.swift in Sources */ = {isa = PBXBuildFile; fileRef = D9AC038422CE601C00E16AD8 /* FeelCollectionViewCell.swift */; };
		D9AC038722CE601C00E16AD8 /* FeelCollectionViewCell.xib in Resources */ = {isa = PBXBuildFile; fileRef = D9AC038522CE601C00E16AD8 /* FeelCollectionViewCell.xib */; };
		D9AC038D22CE8B9300E16AD8 /* ChatListTableViewCell.swift in Sources */ = {isa = PBXBuildFile; fileRef = D9AC038B22CE8B9300E16AD8 /* ChatListTableViewCell.swift */; };
		D9AC038E22CE8B9300E16AD8 /* ChatListTableViewCell.xib in Resources */ = {isa = PBXBuildFile; fileRef = D9AC038C22CE8B9300E16AD8 /* ChatListTableViewCell.xib */; };
		D9AC039022CE917200E16AD8 /* ReviewStarViewController.swift in Sources */ = {isa = PBXBuildFile; fileRef = D9AC038F22CE917200E16AD8 /* ReviewStarViewController.swift */; };
		D9BA14B122D29C11001FEC6D /* CompleteRequestViewController.swift in Sources */ = {isa = PBXBuildFile; fileRef = D9BA14B022D29C11001FEC6D /* CompleteRequestViewController.swift */; };
		D9BA14B422D2A3E5001FEC6D /* NoChatListTableViewCell.swift in Sources */ = {isa = PBXBuildFile; fileRef = D9BA14B222D2A3E5001FEC6D /* NoChatListTableViewCell.swift */; };
		D9BA14B522D2A3E5001FEC6D /* NoChatListTableViewCell.xib in Resources */ = {isa = PBXBuildFile; fileRef = D9BA14B322D2A3E5001FEC6D /* NoChatListTableViewCell.xib */; };
		D9E64E4B22CDDF1A003265E4 /* HelperChatListViewController.swift in Sources */ = {isa = PBXBuildFile; fileRef = D9E64E4A22CDDF1A003265E4 /* HelperChatListViewController.swift */; };
		D9E64E4F22CDDF76003265E4 /* HelperMypageViewController.swift in Sources */ = {isa = PBXBuildFile; fileRef = D9E64E4E22CDDF76003265E4 /* HelperMypageViewController.swift */; };
		D9E64E5122CDDFA4003265E4 /* HelperTabbar.storyboard in Resources */ = {isa = PBXBuildFile; fileRef = D9E64E5022CDDFA4003265E4 /* HelperTabbar.storyboard */; };
/* End PBXBuildFile section */

/* Begin PBXFileReference section */
		1BAEDD6E774F4EB08452D077 /* Pods-Willson.release.xcconfig */ = {isa = PBXFileReference; includeInIndex = 1; lastKnownFileType = text.xcconfig; name = "Pods-Willson.release.xcconfig"; path = "Target Support Files/Pods-Willson/Pods-Willson.release.xcconfig"; sourceTree = "<group>"; };
		660D086222CCEAAC00FD3F5C /* MyPageViewController.swift */ = {isa = PBXFileReference; lastKnownFileType = sourcecode.swift; name = MyPageViewController.swift; path = Willson/MyPageViewController.swift; sourceTree = SOURCE_ROOT; };
		66316A2522D202790033B519 /* AskerChatRoomViewController.swift */ = {isa = PBXFileReference; lastKnownFileType = sourcecode.swift; path = AskerChatRoomViewController.swift; sourceTree = "<group>"; };
		66316A2922D20EED0033B519 /* UILabel_extension.swift */ = {isa = PBXFileReference; lastKnownFileType = sourcecode.swift; path = UILabel_extension.swift; sourceTree = "<group>"; };
		6632768122D10671005DC6DC /* ChatHeaderTVC.swift */ = {isa = PBXFileReference; lastKnownFileType = sourcecode.swift; path = ChatHeaderTVC.swift; sourceTree = "<group>"; };
		6632768322D10686005DC6DC /* ChatHeaderTVC.xib */ = {isa = PBXFileReference; lastKnownFileType = file.xib; path = ChatHeaderTVC.xib; sourceTree = "<group>"; };
		663368C922CD36D800C3C694 /* PopUpViewController4.swift */ = {isa = PBXFileReference; lastKnownFileType = sourcecode.swift; path = PopUpViewController4.swift; sourceTree = "<group>"; };
		6633E3EA22D3CAE600DF81AC /* ServerString.swift */ = {isa = PBXFileReference; lastKnownFileType = sourcecode.swift; path = ServerString.swift; sourceTree = "<group>"; };
		6633E3F022D3D63100DF81AC /* UserSigninService.swift */ = {isa = PBXFileReference; lastKnownFileType = sourcecode.swift; path = UserSigninService.swift; sourceTree = "<group>"; };
		6633E3F822D436D300DF81AC /* SignIn.swift */ = {isa = PBXFileReference; lastKnownFileType = sourcecode.swift; path = SignIn.swift; sourceTree = "<group>"; };
		6633E3FC22D4840300DF81AC /* SignInData.swift */ = {isa = PBXFileReference; lastKnownFileType = sourcecode.swift; path = SignInData.swift; sourceTree = "<group>"; };
		6633E3FE22D4947100DF81AC /* HelperStoryData.swift */ = {isa = PBXFileReference; lastKnownFileType = sourcecode.swift; path = HelperStoryData.swift; sourceTree = "<group>"; };
		6634343E22C67E0E00D419EC /* NanumSquareL.ttf */ = {isa = PBXFileReference; lastKnownFileType = file; path = NanumSquareL.ttf; sourceTree = "<group>"; };
		6634343F22C67E2F00D419EC /* NanumSquareR.ttf */ = {isa = PBXFileReference; lastKnownFileType = file; path = NanumSquareR.ttf; sourceTree = "<group>"; };
		6634344022C67E4500D419EC /* NanumSquareB.ttf */ = {isa = PBXFileReference; lastKnownFileType = file; path = NanumSquareB.ttf; sourceTree = "<group>"; };
		6634344122C67E8300D419EC /* NanumSquareEB.ttf */ = {isa = PBXFileReference; lastKnownFileType = file; path = NanumSquareEB.ttf; sourceTree = "<group>"; };
		6634344622C755B500D419EC /* AskerLoginViewController.swift */ = {isa = PBXFileReference; lastKnownFileType = sourcecode.swift; name = AskerLoginViewController.swift; path = Willson/AskerLoginViewController.swift; sourceTree = SOURCE_ROOT; };
		6634344822C7BEE600D419EC /* AskerSignUpViewController1.swift */ = {isa = PBXFileReference; lastKnownFileType = sourcecode.swift; name = AskerSignUpViewController1.swift; path = "Willson/supporting files/fonts/AskerSignUpViewController1.swift"; sourceTree = SOURCE_ROOT; };
		6634344A22C7BF0300D419EC /* AskerSignUpViewController2.swift */ = {isa = PBXFileReference; lastKnownFileType = sourcecode.swift; name = AskerSignUpViewController2.swift; path = "Willson/supporting files/fonts/AskerSignUpViewController2.swift"; sourceTree = SOURCE_ROOT; };
		663835B422C9BAE3003265C7 /* AskerMainViewController.swift */ = {isa = PBXFileReference; lastKnownFileType = sourcecode.swift; name = AskerMainViewController.swift; path = Willson/AskerMainViewController.swift; sourceTree = SOURCE_ROOT; };
		663835B822C9BC30003265C7 /* Slide.swift */ = {isa = PBXFileReference; lastKnownFileType = sourcecode.swift; name = Slide.swift; path = main/Slide.swift; sourceTree = SOURCE_ROOT; };
		663835BA22C9C82C003265C7 /* Slide.xib */ = {isa = PBXFileReference; lastKnownFileType = file.xib; name = Slide.xib; path = main/Slide.xib; sourceTree = SOURCE_ROOT; };
		663835BE22C9ECDA003265C7 /* ReviewSlide.swift */ = {isa = PBXFileReference; lastKnownFileType = sourcecode.swift; name = ReviewSlide.swift; path = main/ReviewSlide.swift; sourceTree = SOURCE_ROOT; };
		663835C022C9ECED003265C7 /* ReviewSlide.xib */ = {isa = PBXFileReference; lastKnownFileType = file.xib; name = ReviewSlide.xib; path = main/ReviewSlide.xib; sourceTree = SOURCE_ROOT; };
		663835C322CA2A09003265C7 /* AskerRequestViewController.swift */ = {isa = PBXFileReference; lastKnownFileType = sourcecode.swift; path = AskerRequestViewController.swift; sourceTree = SOURCE_ROOT; };
		663835C522CA33F9003265C7 /* CustonView.swift */ = {isa = PBXFileReference; lastKnownFileType = sourcecode.swift; path = CustonView.swift; sourceTree = "<group>"; };
		663835C922CA3E54003265C7 /* HelperCollectionViewCell.swift */ = {isa = PBXFileReference; lastKnownFileType = sourcecode.swift; path = HelperCollectionViewCell.swift; sourceTree = "<group>"; };
		663835CB22CA3EBC003265C7 /* HelperCollectionViewCell.xib */ = {isa = PBXFileReference; lastKnownFileType = file.xib; path = HelperCollectionViewCell.xib; sourceTree = "<group>"; };
		663835CF22CA6A53003265C7 /* HelperProfileViewController.swift */ = {isa = PBXFileReference; lastKnownFileType = sourcecode.swift; path = HelperProfileViewController.swift; sourceTree = "<group>"; };
		663835D122CA87A8003265C7 /* PopUpViewController.swift */ = {isa = PBXFileReference; lastKnownFileType = sourcecode.swift; path = PopUpViewController.swift; sourceTree = "<group>"; };
		663835D322CAFDD7003265C7 /* AskerSNSSignUpViewController.swift */ = {isa = PBXFileReference; lastKnownFileType = sourcecode.swift; name = AskerSNSSignUpViewController.swift; path = Willson/AskerSNSSignUpViewController.swift; sourceTree = SOURCE_ROOT; };
		663F829522CFFD9000EAD932 /* HelperEnrollExperienceViewController.swift */ = {isa = PBXFileReference; lastKnownFileType = sourcecode.swift; name = HelperEnrollExperienceViewController.swift; path = "Willson/view controllers/helper/HelperEnrollExperienceViewController.swift"; sourceTree = SOURCE_ROOT; };
		663F829722D0606800EAD932 /* HelperEnrollIntroViewController.swift */ = {isa = PBXFileReference; lastKnownFileType = sourcecode.swift; name = HelperEnrollIntroViewController.swift; path = "Willson/view controllers/helper/HelperEnrollIntroViewController.swift"; sourceTree = SOURCE_ROOT; };
		663F829B22D068B300EAD932 /* HelperEnrollInfoViewController.swift */ = {isa = PBXFileReference; lastKnownFileType = sourcecode.swift; name = HelperEnrollInfoViewController.swift; path = "Willson/view controllers/helper/HelperEnrollInfoViewController.swift"; sourceTree = SOURCE_ROOT; };
		663F829D22D07AF000EAD932 /* HelperEnrollCertificateViewController.swift */ = {isa = PBXFileReference; lastKnownFileType = sourcecode.swift; name = HelperEnrollCertificateViewController.swift; path = "Willson/view controllers/helper/HelperEnrollCertificateViewController.swift"; sourceTree = SOURCE_ROOT; };
		663F829F22D0A76800EAD932 /* HelperChatRoomViewController.swift */ = {isa = PBXFileReference; lastKnownFileType = sourcecode.swift; path = HelperChatRoomViewController.swift; sourceTree = "<group>"; };
		663F82AA22D0D7F700EAD932 /* ChatTableViewCell.swift */ = {isa = PBXFileReference; lastKnownFileType = sourcecode.swift; path = ChatTableViewCell.swift; sourceTree = "<group>"; };
		663F82AC22D0D81800EAD932 /* ChatTableViewCell.xib */ = {isa = PBXFileReference; lastKnownFileType = file.xib; path = ChatTableViewCell.xib; sourceTree = "<group>"; };
		669624F522CC5F2D00599E96 /* HelperReviewCollectionViewCell.swift */ = {isa = PBXFileReference; lastKnownFileType = sourcecode.swift; path = HelperReviewCollectionViewCell.swift; sourceTree = "<group>"; };
		669624F622CC5F2D00599E96 /* HelperReviewCollectionViewCell.xib */ = {isa = PBXFileReference; lastKnownFileType = file.xib; path = HelperReviewCollectionViewCell.xib; sourceTree = "<group>"; };
		66AF81AF22CFA4DC00722FF2 /* HelperEnrollStartViewController.swift */ = {isa = PBXFileReference; lastKnownFileType = sourcecode.swift; name = HelperEnrollStartViewController.swift; path = "Willson/view controllers/helper/HelperEnrollStartViewController.swift"; sourceTree = SOURCE_ROOT; };
		66AF81B122CFAA6F00722FF2 /* UINavigationbar_Extension.swift */ = {isa = PBXFileReference; lastKnownFileType = sourcecode.swift; path = UINavigationbar_Extension.swift; sourceTree = "<group>"; };
		66AF81B322CFAB9600722FF2 /* HelperEnrollCategoryViewController.swift */ = {isa = PBXFileReference; lastKnownFileType = sourcecode.swift; name = HelperEnrollCategoryViewController.swift; path = "Willson/view controllers/helper/HelperEnrollCategoryViewController.swift"; sourceTree = SOURCE_ROOT; };
		66AF81B522CFC09100722FF2 /* HelperEnrollDetailCategoryViewController.swift */ = {isa = PBXFileReference; lastKnownFileType = sourcecode.swift; name = HelperEnrollDetailCategoryViewController.swift; path = "Willson/view controllers/helper/HelperEnrollDetailCategoryViewController.swift"; sourceTree = SOURCE_ROOT; };
		66C661CD22CC8F3D008A451F /* PopUpViewController3.swift */ = {isa = PBXFileReference; lastKnownFileType = sourcecode.swift; path = PopUpViewController3.swift; sourceTree = "<group>"; };
		66D7E07022D4F16300AC0C9B /* SignUp.swift */ = {isa = PBXFileReference; lastKnownFileType = sourcecode.swift; path = SignUp.swift; sourceTree = "<group>"; };
		66D7E07222D4F19300AC0C9B /* SignUpData.swift */ = {isa = PBXFileReference; lastKnownFileType = sourcecode.swift; path = SignUpData.swift; sourceTree = "<group>"; };
		66E5E77F22CB500400B43D93 /* PopUpViewController2.swift */ = {isa = PBXFileReference; lastKnownFileType = sourcecode.swift; path = PopUpViewController2.swift; sourceTree = "<group>"; };
		66E5E78122CB809C00B43D93 /* PopUpVC.swift */ = {isa = PBXFileReference; lastKnownFileType = sourcecode.swift; path = PopUpVC.swift; sourceTree = "<group>"; };
		66E5E78322CBC2DC00B43D93 /* UIViewController_Extension.swift */ = {isa = PBXFileReference; lastKnownFileType = sourcecode.swift; path = UIViewController_Extension.swift; sourceTree = "<group>"; };
		9794B654C502E453FEF56F6A /* Pods_Willson.framework */ = {isa = PBXFileReference; explicitFileType = wrapper.framework; includeInIndex = 0; path = Pods_Willson.framework; sourceTree = BUILT_PRODUCTS_DIR; };
		ABF23D3E76D75D4A1670D121 /* Pods-Willson.debug.xcconfig */ = {isa = PBXFileReference; includeInIndex = 1; lastKnownFileType = text.xcconfig; name = "Pods-Willson.debug.xcconfig"; path = "Target Support Files/Pods-Willson/Pods-Willson.debug.xcconfig"; sourceTree = "<group>"; };
		D915535122D1FB9C00A38390 /* Splash.storyboard */ = {isa = PBXFileReference; lastKnownFileType = file.storyboard; path = Splash.storyboard; sourceTree = "<group>"; };
		D915535322D1FBC100A38390 /* SplashViewController.swift */ = {isa = PBXFileReference; lastKnownFileType = sourcecode.swift; path = SplashViewController.swift; sourceTree = "<group>"; };
		D915535522D20EC400A38390 /* CustomButton.swift */ = {isa = PBXFileReference; lastKnownFileType = sourcecode.swift; path = CustomButton.swift; sourceTree = "<group>"; };
		D915F8A122CDCB40009DA734 /* AskerTabbar.storyboard */ = {isa = PBXFileReference; lastKnownFileType = file.storyboard; path = AskerTabbar.storyboard; sourceTree = "<group>"; };
		D915F8A322CDCE60009DA734 /* AskerChatListViewController.swift */ = {isa = PBXFileReference; lastKnownFileType = sourcecode.swift; path = AskerChatListViewController.swift; sourceTree = "<group>"; };
		D9162FA822D4F4750018E471 /* ProblemDetailViewController.swift */ = {isa = PBXFileReference; lastKnownFileType = sourcecode.swift; name = ProblemDetailViewController.swift; path = "Willson/view controllers/helper/request/ProblemDetailViewController.swift"; sourceTree = SOURCE_ROOT; };
		D9162FAA22D4F4B80018E471 /* HelperRequestTitleCollectionViewCell.swift */ = {isa = PBXFileReference; lastKnownFileType = sourcecode.swift; path = HelperRequestTitleCollectionViewCell.swift; sourceTree = "<group>"; };
		D9162FAB22D4F4B80018E471 /* HelperRequestTitleCollectionViewCell.xib */ = {isa = PBXFileReference; lastKnownFileType = file.xib; path = HelperRequestTitleCollectionViewCell.xib; sourceTree = "<group>"; };
		D9162FAE22D511870018E471 /* ProblemDetailTitleTableViewCell.swift */ = {isa = PBXFileReference; lastKnownFileType = sourcecode.swift; path = ProblemDetailTitleTableViewCell.swift; sourceTree = "<group>"; };
		D9162FAF22D511870018E471 /* ProblemDetailTitleTableViewCell.xib */ = {isa = PBXFileReference; lastKnownFileType = file.xib; path = ProblemDetailTitleTableViewCell.xib; sourceTree = "<group>"; };
		D9162FB222D519D20018E471 /* ProblemDetailTableViewCell.swift */ = {isa = PBXFileReference; lastKnownFileType = sourcecode.swift; path = ProblemDetailTableViewCell.swift; sourceTree = "<group>"; };
		D9162FB322D519D20018E471 /* ProblemDetailTableViewCell.xib */ = {isa = PBXFileReference; lastKnownFileType = file.xib; path = ProblemDetailTableViewCell.xib; sourceTree = "<group>"; };
		D918A54822D3A97D001DCCBE /* CollectionReusableView.swift */ = {isa = PBXFileReference; lastKnownFileType = sourcecode.swift; path = CollectionReusableView.swift; sourceTree = "<group>"; };
		D918A54A22D3ACD2001DCCBE /* HelperStory.swift */ = {isa = PBXFileReference; lastKnownFileType = sourcecode.swift; path = HelperStory.swift; sourceTree = "<group>"; };
		D918A54C22D3ADC3001DCCBE /* HelperStoryService.swift */ = {isa = PBXFileReference; lastKnownFileType = sourcecode.swift; path = HelperStoryService.swift; sourceTree = "<group>"; };
		D92C2C4A22CFFCEA004F7CAB /* FinishChatViewController.swift */ = {isa = PBXFileReference; lastKnownFileType = sourcecode.swift; path = FinishChatViewController.swift; sourceTree = "<group>"; };
		D92C2C4C22CFFD05004F7CAB /* CompleteReviewViewController.swift */ = {isa = PBXFileReference; lastKnownFileType = sourcecode.swift; path = CompleteReviewViewController.swift; sourceTree = "<group>"; };
		D92C2C4E22D00A52004F7CAB /* ExaminHelperViewController.swift */ = {isa = PBXFileReference; lastKnownFileType = sourcecode.swift; path = ExaminHelperViewController.swift; sourceTree = "<group>"; };
		D92C2C5022D00A70004F7CAB /* HelperNoRequestViewController.swift */ = {isa = PBXFileReference; lastKnownFileType = sourcecode.swift; path = HelperNoRequestViewController.swift; sourceTree = "<group>"; };
		D965850222C4E7E40072CC5E /* Willson.app */ = {isa = PBXFileReference; explicitFileType = wrapper.application; includeInIndex = 0; path = Willson.app; sourceTree = BUILT_PRODUCTS_DIR; };
		D965850522C4E7E40072CC5E /* AppDelegate.swift */ = {isa = PBXFileReference; lastKnownFileType = sourcecode.swift; path = AppDelegate.swift; sourceTree = "<group>"; };
		D965850A22C4E7E40072CC5E /* Base */ = {isa = PBXFileReference; lastKnownFileType = file.storyboard; name = Base; path = Base.lproj/AskerMain.storyboard; sourceTree = "<group>"; };
		D965850C22C4E7E60072CC5E /* Assets.xcassets */ = {isa = PBXFileReference; lastKnownFileType = folder.assetcatalog; path = Assets.xcassets; sourceTree = "<group>"; };
		D965850F22C4E7E60072CC5E /* Base */ = {isa = PBXFileReference; lastKnownFileType = file.storyboard; name = Base; path = Base.lproj/LaunchScreen.storyboard; sourceTree = "<group>"; };
		D965851122C4E7E60072CC5E /* Info.plist */ = {isa = PBXFileReference; lastKnownFileType = text.plist.xml; path = Info.plist; sourceTree = "<group>"; };
		D965852C22C4EB2C0072CC5E /* AskerSignUp.storyboard */ = {isa = PBXFileReference; lastKnownFileType = file.storyboard; path = AskerSignUp.storyboard; sourceTree = "<group>"; };
		D965852E22C4EB430072CC5E /* AskerLogin.storyboard */ = {isa = PBXFileReference; lastKnownFileType = file.storyboard; path = AskerLogin.storyboard; sourceTree = "<group>"; };
		D965853022C4EB4F0072CC5E /* AskerRequest.storyboard */ = {isa = PBXFileReference; lastKnownFileType = file.storyboard; path = AskerRequest.storyboard; sourceTree = "<group>"; };
		D965853222C4EB560072CC5E /* AskerChat.storyboard */ = {isa = PBXFileReference; lastKnownFileType = file.storyboard; path = AskerChat.storyboard; sourceTree = "<group>"; };
		D965853422C4EB6B0072CC5E /* AskerMypage.storyboard */ = {isa = PBXFileReference; lastKnownFileType = file.storyboard; path = AskerMypage.storyboard; sourceTree = "<group>"; };
		D965853622C4EB890072CC5E /* AskerList.storyboard */ = {isa = PBXFileReference; lastKnownFileType = file.storyboard; path = AskerList.storyboard; sourceTree = "<group>"; };
		D965853A22C4EBC00072CC5E /* HelperMypage.storyboard */ = {isa = PBXFileReference; lastKnownFileType = file.storyboard; path = HelperMypage.storyboard; sourceTree = "<group>"; };
		D965853C22C4EBCA0072CC5E /* HelperProfile.storyboard */ = {isa = PBXFileReference; lastKnownFileType = file.storyboard; path = HelperProfile.storyboard; sourceTree = "<group>"; };
		D965853E22C4EBD70072CC5E /* HelperChat.storyboard */ = {isa = PBXFileReference; lastKnownFileType = file.storyboard; path = HelperChat.storyboard; sourceTree = "<group>"; };
		D965854022C4EBE50072CC5E /* HelperRequest.storyboard */ = {isa = PBXFileReference; lastKnownFileType = file.storyboard; path = HelperRequest.storyboard; sourceTree = "<group>"; };
		D965854222C4EBF60072CC5E /* HelperSignUp.storyboard */ = {isa = PBXFileReference; lastKnownFileType = file.storyboard; path = HelperSignUp.storyboard; sourceTree = "<group>"; };
		D982BCC222C9F9A300458662 /* AskerListStartViewController.swift */ = {isa = PBXFileReference; lastKnownFileType = sourcecode.swift; path = AskerListStartViewController.swift; sourceTree = "<group>"; };
		D982BCC422CA025200458662 /* AskerList1_CategoryViewController.swift */ = {isa = PBXFileReference; lastKnownFileType = sourcecode.swift; path = AskerList1_CategoryViewController.swift; sourceTree = "<group>"; };
		D982BCC622CA0B2A00458662 /* AskerList2_FeelViewController.swift */ = {isa = PBXFileReference; lastKnownFileType = sourcecode.swift; path = AskerList2_FeelViewController.swift; sourceTree = "<group>"; };
		D98BA5BF22D0119800E72C02 /* HelperRequestViewController.swift */ = {isa = PBXFileReference; lastKnownFileType = sourcecode.swift; path = HelperRequestViewController.swift; sourceTree = "<group>"; };
		D98BA5C222D0131500E72C02 /* HelperRequestCollectionViewCell.swift */ = {isa = PBXFileReference; lastKnownFileType = sourcecode.swift; path = HelperRequestCollectionViewCell.swift; sourceTree = "<group>"; };
		D98BA5C322D0131500E72C02 /* HelperRequestCollectionViewCell.xib */ = {isa = PBXFileReference; lastKnownFileType = file.xib; path = HelperRequestCollectionViewCell.xib; sourceTree = "<group>"; };
		D9AC036922CDEB7200E16AD8 /* HelperModeProfileViewController.swift */ = {isa = PBXFileReference; lastKnownFileType = sourcecode.swift; path = HelperModeProfileViewController.swift; sourceTree = "<group>"; };
		D9AC036B22CE18F500E16AD8 /* AskerList4_DetailViewController.swift */ = {isa = PBXFileReference; lastKnownFileType = sourcecode.swift; path = AskerList4_DetailViewController.swift; sourceTree = "<group>"; };
		D9AC036D22CE192D00E16AD8 /* AskerList3_ImpactViewController.swift */ = {isa = PBXFileReference; lastKnownFileType = sourcecode.swift; path = AskerList3_ImpactViewController.swift; sourceTree = "<group>"; };
		D9AC036F22CE196F00E16AD8 /* AskerList5_HelperSexViewController.swift */ = {isa = PBXFileReference; lastKnownFileType = sourcecode.swift; path = AskerList5_HelperSexViewController.swift; sourceTree = "<group>"; };
		D9AC037122CE199500E16AD8 /* AskerList6_HelperCharacterViewController.swift */ = {isa = PBXFileReference; lastKnownFileType = sourcecode.swift; path = AskerList6_HelperCharacterViewController.swift; sourceTree = "<group>"; };
		D9AC037322CE1A1100E16AD8 /* AskerList7_HelperExperienceViewController.swift */ = {isa = PBXFileReference; lastKnownFileType = sourcecode.swift; path = AskerList7_HelperExperienceViewController.swift; sourceTree = "<group>"; };
		D9AC037522CE1A3000E16AD8 /* AskerList8_ChatDirectionViewController.swift */ = {isa = PBXFileReference; lastKnownFileType = sourcecode.swift; path = AskerList8_ChatDirectionViewController.swift; sourceTree = "<group>"; };
		D9AC037722CE1A4D00E16AD8 /* AskerList9_AgreementViewController.swift */ = {isa = PBXFileReference; lastKnownFileType = sourcecode.swift; path = AskerList9_AgreementViewController.swift; sourceTree = "<group>"; };
		D9AC038022CE1DA400E16AD8 /* ConcernCollectionViewCell.swift */ = {isa = PBXFileReference; lastKnownFileType = sourcecode.swift; path = ConcernCollectionViewCell.swift; sourceTree = "<group>"; };
		D9AC038122CE1DA400E16AD8 /* ConcernCollectionViewCell.xib */ = {isa = PBXFileReference; lastKnownFileType = file.xib; path = ConcernCollectionViewCell.xib; sourceTree = "<group>"; };
		D9AC038422CE601C00E16AD8 /* FeelCollectionViewCell.swift */ = {isa = PBXFileReference; lastKnownFileType = sourcecode.swift; path = FeelCollectionViewCell.swift; sourceTree = "<group>"; };
		D9AC038522CE601C00E16AD8 /* FeelCollectionViewCell.xib */ = {isa = PBXFileReference; lastKnownFileType = file.xib; path = FeelCollectionViewCell.xib; sourceTree = "<group>"; };
		D9AC038B22CE8B9300E16AD8 /* ChatListTableViewCell.swift */ = {isa = PBXFileReference; lastKnownFileType = sourcecode.swift; path = ChatListTableViewCell.swift; sourceTree = "<group>"; };
		D9AC038C22CE8B9300E16AD8 /* ChatListTableViewCell.xib */ = {isa = PBXFileReference; lastKnownFileType = file.xib; path = ChatListTableViewCell.xib; sourceTree = "<group>"; };
		D9AC038F22CE917200E16AD8 /* ReviewStarViewController.swift */ = {isa = PBXFileReference; lastKnownFileType = sourcecode.swift; path = ReviewStarViewController.swift; sourceTree = "<group>"; };
		D9BA14B022D29C11001FEC6D /* CompleteRequestViewController.swift */ = {isa = PBXFileReference; lastKnownFileType = sourcecode.swift; path = CompleteRequestViewController.swift; sourceTree = "<group>"; };
		D9BA14B222D2A3E5001FEC6D /* NoChatListTableViewCell.swift */ = {isa = PBXFileReference; lastKnownFileType = sourcecode.swift; path = NoChatListTableViewCell.swift; sourceTree = "<group>"; };
		D9BA14B322D2A3E5001FEC6D /* NoChatListTableViewCell.xib */ = {isa = PBXFileReference; lastKnownFileType = file.xib; path = NoChatListTableViewCell.xib; sourceTree = "<group>"; };
		D9E64E4A22CDDF1A003265E4 /* HelperChatListViewController.swift */ = {isa = PBXFileReference; lastKnownFileType = sourcecode.swift; path = HelperChatListViewController.swift; sourceTree = "<group>"; };
		D9E64E4E22CDDF76003265E4 /* HelperMypageViewController.swift */ = {isa = PBXFileReference; lastKnownFileType = sourcecode.swift; path = HelperMypageViewController.swift; sourceTree = "<group>"; };
		D9E64E5022CDDFA4003265E4 /* HelperTabbar.storyboard */ = {isa = PBXFileReference; lastKnownFileType = file.storyboard; path = HelperTabbar.storyboard; sourceTree = "<group>"; };
/* End PBXFileReference section */

/* Begin PBXFrameworksBuildPhase section */
		D96584FF22C4E7E40072CC5E /* Frameworks */ = {
			isa = PBXFrameworksBuildPhase;
			buildActionMask = 2147483647;
			files = (
				46BD78418D4087C1A660D9DE /* Pods_Willson.framework in Frameworks */,
			);
			runOnlyForDeploymentPostprocessing = 0;
		};
/* End PBXFrameworksBuildPhase section */

/* Begin PBXGroup section */
		08BE877525ACB7E1731BC25D /* Pods */ = {
			isa = PBXGroup;
			children = (
				ABF23D3E76D75D4A1670D121 /* Pods-Willson.debug.xcconfig */,
				1BAEDD6E774F4EB08452D077 /* Pods-Willson.release.xcconfig */,
			);
			path = Pods;
			sourceTree = "<group>";
		};
		6634343D22C67D5400D419EC /* fonts */ = {
			isa = PBXGroup;
			children = (
				6634344122C67E8300D419EC /* NanumSquareEB.ttf */,
				6634344022C67E4500D419EC /* NanumSquareB.ttf */,
				6634343F22C67E2F00D419EC /* NanumSquareR.ttf */,
				6634343E22C67E0E00D419EC /* NanumSquareL.ttf */,
			);
			path = fonts;
			sourceTree = "<group>";
		};
		663835C222C9F68B003265C7 /* views */ = {
			isa = PBXGroup;
			children = (
				663835B822C9BC30003265C7 /* Slide.swift */,
				663835BA22C9C82C003265C7 /* Slide.xib */,
				663835BE22C9ECDA003265C7 /* ReviewSlide.swift */,
				663835C022C9ECED003265C7 /* ReviewSlide.xib */,
			);
			name = views;
			sourceTree = "<group>";
		};
		663835C822CA3A64003265C7 /* views */ = {
			isa = PBXGroup;
			children = (
				663835C922CA3E54003265C7 /* HelperCollectionViewCell.swift */,
				663835CB22CA3EBC003265C7 /* HelperCollectionViewCell.xib */,
				669624F522CC5F2D00599E96 /* HelperReviewCollectionViewCell.swift */,
				669624F622CC5F2D00599E96 /* HelperReviewCollectionViewCell.xib */,
				D9BA14B022D29C11001FEC6D /* CompleteRequestViewController.swift */,
				D918A54822D3A97D001DCCBE /* CollectionReusableView.swift */,
			);
			name = views;
			sourceTree = "<group>";
		};
		663F82A122D0C24900EAD932 /* views */ = {
			isa = PBXGroup;
			children = (
				663F82AA22D0D7F700EAD932 /* ChatTableViewCell.swift */,
				663F82AC22D0D81800EAD932 /* ChatTableViewCell.xib */,
				6632768122D10671005DC6DC /* ChatHeaderTVC.swift */,
				6632768322D10686005DC6DC /* ChatHeaderTVC.xib */,
			);
			path = views;
			sourceTree = "<group>";
		};
		8AAEB99BB84F1A480BBCC225 /* Frameworks */ = {
			isa = PBXGroup;
			children = (
				9794B654C502E453FEF56F6A /* Pods_Willson.framework */,
			);
			name = Frameworks;
			sourceTree = "<group>";
		};
		D96584F922C4E7E40072CC5E = {
			isa = PBXGroup;
			children = (
				D965850422C4E7E40072CC5E /* Willson */,
				D965850322C4E7E40072CC5E /* Products */,
				08BE877525ACB7E1731BC25D /* Pods */,
				8AAEB99BB84F1A480BBCC225 /* Frameworks */,
			);
			sourceTree = "<group>";
		};
		D965850322C4E7E40072CC5E /* Products */ = {
			isa = PBXGroup;
			children = (
				D965850222C4E7E40072CC5E /* Willson.app */,
			);
			name = Products;
			sourceTree = "<group>";
		};
		D965850422C4E7E40072CC5E /* Willson */ = {
			isa = PBXGroup;
			children = (
				D965851B22C4E8160072CC5E /* models */,
				D965851A22C4E80A0072CC5E /* services */,
				D965851922C4E8020072CC5E /* storyboards */,
				D965851722C4E7EE0072CC5E /* view controllers */,
				D965851822C4E7FA0072CC5E /* supporting files */,
			);
			path = Willson;
			sourceTree = "<group>";
		};
		D965851722C4E7EE0072CC5E /* view controllers */ = {
			isa = PBXGroup;
			children = (
				D965851F22C4E9C80072CC5E /* splash */,
				D965851E22C4E9010072CC5E /* asker */,
				D965851D22C4E8F80072CC5E /* helper */,
			);
			path = "view controllers";
			sourceTree = "<group>";
		};
		D965851822C4E7FA0072CC5E /* supporting files */ = {
			isa = PBXGroup;
			children = (
				6634343D22C67D5400D419EC /* fonts */,
				D965850522C4E7E40072CC5E /* AppDelegate.swift */,
				D965850C22C4E7E60072CC5E /* Assets.xcassets */,
				D965850E22C4E7E60072CC5E /* LaunchScreen.storyboard */,
				D965851122C4E7E60072CC5E /* Info.plist */,
				663835C522CA33F9003265C7 /* CustonView.swift */,
				D915535522D20EC400A38390 /* CustomButton.swift */,
				66E5E78122CB809C00B43D93 /* PopUpVC.swift */,
				66E5E78322CBC2DC00B43D93 /* UIViewController_Extension.swift */,
				66AF81B122CFAA6F00722FF2 /* UINavigationbar_Extension.swift */,
				66316A2922D20EED0033B519 /* UILabel_extension.swift */,
				6633E3EA22D3CAE600DF81AC /* ServerString.swift */,
			);
			path = "supporting files";
			sourceTree = "<group>";
		};
		D965851922C4E8020072CC5E /* storyboards */ = {
			isa = PBXGroup;
			children = (
				D915535122D1FB9C00A38390 /* Splash.storyboard */,
				D965853822C4EB990072CC5E /* asker */,
				D965853922C4EBA40072CC5E /* helper */,
			);
			path = storyboards;
			sourceTree = "<group>";
		};
		D965851A22C4E80A0072CC5E /* services */ = {
			isa = PBXGroup;
			children = (
				D918A54C22D3ADC3001DCCBE /* HelperStoryService.swift */,
				6633E3F022D3D63100DF81AC /* UserSigninService.swift */,
			);
			path = services;
			sourceTree = "<group>";
		};
		D965851B22C4E8160072CC5E /* models */ = {
			isa = PBXGroup;
			children = (
				D918A54A22D3ACD2001DCCBE /* HelperStory.swift */,
				6633E3FE22D4947100DF81AC /* HelperStoryData.swift */,
				6633E3F822D436D300DF81AC /* SignIn.swift */,
				6633E3FC22D4840300DF81AC /* SignInData.swift */,
				66D7E07022D4F16300AC0C9B /* SignUp.swift */,
				66D7E07222D4F19300AC0C9B /* SignUpData.swift */,
			);
			path = models;
			sourceTree = "<group>";
		};
		D965851D22C4E8F80072CC5E /* helper */ = {
			isa = PBXGroup;
			children = (
				D965852B22C4EA5D0072CC5E /* mypage */,
				D965852A22C4EA540072CC5E /* profile */,
				D965852922C4EA510072CC5E /* chat */,
				D965852822C4EA4C0072CC5E /* request */,
				D965852722C4EA450072CC5E /* sign up */,
			);
			path = helper;
			sourceTree = "<group>";
		};
		D965851E22C4E9010072CC5E /* asker */ = {
			isa = PBXGroup;
			children = (
				D965852622C4EA2C0072CC5E /* mypage */,
				D965852522C4EA270072CC5E /* chat */,
				D965852422C4EA220072CC5E /* request */,
				D965852322C4EA060072CC5E /* list */,
				D965852022C4E9D30072CC5E /* login */,
				D965852222C4E9FC0072CC5E /* main */,
				D965852122C4E9F50072CC5E /* sign up */,
			);
			path = asker;
			sourceTree = "<group>";
		};
		D965851F22C4E9C80072CC5E /* splash */ = {
			isa = PBXGroup;
			children = (
				D915535322D1FBC100A38390 /* SplashViewController.swift */,
			);
			path = splash;
			sourceTree = "<group>";
		};
		D965852022C4E9D30072CC5E /* login */ = {
			isa = PBXGroup;
			children = (
				6634344622C755B500D419EC /* AskerLoginViewController.swift */,
			);
			path = login;
			sourceTree = "<group>";
		};
		D965852122C4E9F50072CC5E /* sign up */ = {
			isa = PBXGroup;
			children = (
				6634344822C7BEE600D419EC /* AskerSignUpViewController1.swift */,
				6634344A22C7BF0300D419EC /* AskerSignUpViewController2.swift */,
				663835D322CAFDD7003265C7 /* AskerSNSSignUpViewController.swift */,
			);
			path = "sign up";
			sourceTree = "<group>";
		};
		D965852222C4E9FC0072CC5E /* main */ = {
			isa = PBXGroup;
			children = (
				663835C222C9F68B003265C7 /* views */,
				663835B422C9BAE3003265C7 /* AskerMainViewController.swift */,
			);
			path = main;
			sourceTree = "<group>";
		};
		D965852322C4EA060072CC5E /* list */ = {
			isa = PBXGroup;
			children = (
				D9AC037922CE1C0C00E16AD8 /* views */,
				D982BCC222C9F9A300458662 /* AskerListStartViewController.swift */,
				D982BCC422CA025200458662 /* AskerList1_CategoryViewController.swift */,
				D982BCC622CA0B2A00458662 /* AskerList2_FeelViewController.swift */,
				D9AC036D22CE192D00E16AD8 /* AskerList3_ImpactViewController.swift */,
				D9AC036B22CE18F500E16AD8 /* AskerList4_DetailViewController.swift */,
				D9AC036F22CE196F00E16AD8 /* AskerList5_HelperSexViewController.swift */,
				D9AC037122CE199500E16AD8 /* AskerList6_HelperCharacterViewController.swift */,
				D9AC037322CE1A1100E16AD8 /* AskerList7_HelperExperienceViewController.swift */,
				D9AC037522CE1A3000E16AD8 /* AskerList8_ChatDirectionViewController.swift */,
				D9AC037722CE1A4D00E16AD8 /* AskerList9_AgreementViewController.swift */,
			);
			path = list;
			sourceTree = "<group>";
		};
		D965852422C4EA220072CC5E /* request */ = {
			isa = PBXGroup;
			children = (
				663835C822CA3A64003265C7 /* views */,
				663835C322CA2A09003265C7 /* AskerRequestViewController.swift */,
				663835CF22CA6A53003265C7 /* HelperProfileViewController.swift */,
				663835D122CA87A8003265C7 /* PopUpViewController.swift */,
				66E5E77F22CB500400B43D93 /* PopUpViewController2.swift */,
				66C661CD22CC8F3D008A451F /* PopUpViewController3.swift */,
				663368C922CD36D800C3C694 /* PopUpViewController4.swift */,
			);
			path = request;
			sourceTree = "<group>";
		};
		D965852522C4EA270072CC5E /* chat */ = {
			isa = PBXGroup;
			children = (
				D9AC038822CE8B5900E16AD8 /* views */,
				D915F8A322CDCE60009DA734 /* AskerChatListViewController.swift */,
				D9AC038F22CE917200E16AD8 /* ReviewStarViewController.swift */,
				D92C2C4A22CFFCEA004F7CAB /* FinishChatViewController.swift */,
				D92C2C4C22CFFD05004F7CAB /* CompleteReviewViewController.swift */,
				66316A2522D202790033B519 /* AskerChatRoomViewController.swift */,
			);
			path = chat;
			sourceTree = "<group>";
		};
		D965852622C4EA2C0072CC5E /* mypage */ = {
			isa = PBXGroup;
			children = (
				660D086222CCEAAC00FD3F5C /* MyPageViewController.swift */,
			);
			path = mypage;
			sourceTree = "<group>";
		};
		D965852722C4EA450072CC5E /* sign up */ = {
			isa = PBXGroup;
			children = (
				66AF81AF22CFA4DC00722FF2 /* HelperEnrollStartViewController.swift */,
				66AF81B322CFAB9600722FF2 /* HelperEnrollCategoryViewController.swift */,
				66AF81B522CFC09100722FF2 /* HelperEnrollDetailCategoryViewController.swift */,
				663F829522CFFD9000EAD932 /* HelperEnrollExperienceViewController.swift */,
				663F829722D0606800EAD932 /* HelperEnrollIntroViewController.swift */,
				663F829B22D068B300EAD932 /* HelperEnrollInfoViewController.swift */,
				663F829D22D07AF000EAD932 /* HelperEnrollCertificateViewController.swift */,
			);
			path = "sign up";
			sourceTree = "<group>";
		};
		D965852822C4EA4C0072CC5E /* request */ = {
			isa = PBXGroup;
			children = (
				D98BA5C122D0125C00E72C02 /* views */,
				D92C2C4E22D00A52004F7CAB /* ExaminHelperViewController.swift */,
				D92C2C5022D00A70004F7CAB /* HelperNoRequestViewController.swift */,
				D98BA5BF22D0119800E72C02 /* HelperRequestViewController.swift */,
				D9162FA822D4F4750018E471 /* ProblemDetailViewController.swift */,
			);
			path = request;
			sourceTree = "<group>";
		};
		D965852922C4EA510072CC5E /* chat */ = {
			isa = PBXGroup;
			children = (
				663F82A122D0C24900EAD932 /* views */,
				D9E64E4A22CDDF1A003265E4 /* HelperChatListViewController.swift */,
				663F829F22D0A76800EAD932 /* HelperChatRoomViewController.swift */,
			);
			path = chat;
			sourceTree = "<group>";
		};
		D965852A22C4EA540072CC5E /* profile */ = {
			isa = PBXGroup;
			children = (
				D9AC036922CDEB7200E16AD8 /* HelperModeProfileViewController.swift */,
			);
			path = profile;
			sourceTree = "<group>";
		};
		D965852B22C4EA5D0072CC5E /* mypage */ = {
			isa = PBXGroup;
			children = (
				D9E64E4E22CDDF76003265E4 /* HelperMypageViewController.swift */,
			);
			path = mypage;
			sourceTree = "<group>";
		};
		D965853822C4EB990072CC5E /* asker */ = {
			isa = PBXGroup;
			children = (
				D965853422C4EB6B0072CC5E /* AskerMypage.storyboard */,
				D965853222C4EB560072CC5E /* AskerChat.storyboard */,
				D965853022C4EB4F0072CC5E /* AskerRequest.storyboard */,
				D965853622C4EB890072CC5E /* AskerList.storyboard */,
				D965852E22C4EB430072CC5E /* AskerLogin.storyboard */,
				D965850922C4E7E40072CC5E /* AskerMain.storyboard */,
				D965852C22C4EB2C0072CC5E /* AskerSignUp.storyboard */,
				D915F8A122CDCB40009DA734 /* AskerTabbar.storyboard */,
			);
			path = asker;
			sourceTree = "<group>";
		};
		D965853922C4EBA40072CC5E /* helper */ = {
			isa = PBXGroup;
			children = (
				D965853A22C4EBC00072CC5E /* HelperMypage.storyboard */,
				D965853C22C4EBCA0072CC5E /* HelperProfile.storyboard */,
				D965853E22C4EBD70072CC5E /* HelperChat.storyboard */,
				D965854022C4EBE50072CC5E /* HelperRequest.storyboard */,
				D965854222C4EBF60072CC5E /* HelperSignUp.storyboard */,
				D9E64E5022CDDFA4003265E4 /* HelperTabbar.storyboard */,
			);
			path = helper;
			sourceTree = "<group>";
		};
		D98BA5C122D0125C00E72C02 /* views */ = {
			isa = PBXGroup;
			children = (
				D9162FAA22D4F4B80018E471 /* HelperRequestTitleCollectionViewCell.swift */,
				D9162FAB22D4F4B80018E471 /* HelperRequestTitleCollectionViewCell.xib */,
				D98BA5C222D0131500E72C02 /* HelperRequestCollectionViewCell.swift */,
				D98BA5C322D0131500E72C02 /* HelperRequestCollectionViewCell.xib */,
				D9162FAE22D511870018E471 /* ProblemDetailTitleTableViewCell.swift */,
				D9162FAF22D511870018E471 /* ProblemDetailTitleTableViewCell.xib */,
				D9162FB222D519D20018E471 /* ProblemDetailTableViewCell.swift */,
				D9162FB322D519D20018E471 /* ProblemDetailTableViewCell.xib */,
			);
			path = views;
			sourceTree = "<group>";
		};
		D9AC037922CE1C0C00E16AD8 /* views */ = {
			isa = PBXGroup;
			children = (
				D9AC038022CE1DA400E16AD8 /* ConcernCollectionViewCell.swift */,
				D9AC038122CE1DA400E16AD8 /* ConcernCollectionViewCell.xib */,
				D9AC038422CE601C00E16AD8 /* FeelCollectionViewCell.swift */,
				D9AC038522CE601C00E16AD8 /* FeelCollectionViewCell.xib */,
			);
			path = views;
			sourceTree = "<group>";
		};
		D9AC038822CE8B5900E16AD8 /* views */ = {
			isa = PBXGroup;
			children = (
				D9AC038B22CE8B9300E16AD8 /* ChatListTableViewCell.swift */,
				D9AC038C22CE8B9300E16AD8 /* ChatListTableViewCell.xib */,
				D9BA14B222D2A3E5001FEC6D /* NoChatListTableViewCell.swift */,
				D9BA14B322D2A3E5001FEC6D /* NoChatListTableViewCell.xib */,
			);
			path = views;
			sourceTree = "<group>";
		};
/* End PBXGroup section */

/* Begin PBXNativeTarget section */
		D965850122C4E7E40072CC5E /* Willson */ = {
			isa = PBXNativeTarget;
			buildConfigurationList = D965851422C4E7E60072CC5E /* Build configuration list for PBXNativeTarget "Willson" */;
			buildPhases = (
				51BE7340D8D033FCA35ED8DE /* [CP] Check Pods Manifest.lock */,
				D96584FE22C4E7E40072CC5E /* Sources */,
				D96584FF22C4E7E40072CC5E /* Frameworks */,
				D965850022C4E7E40072CC5E /* Resources */,
				941E85A60829FE1EF0444B9A /* [CP] Embed Pods Frameworks */,
			);
			buildRules = (
			);
			dependencies = (
			);
			name = Willson;
			productName = Willson;
			productReference = D965850222C4E7E40072CC5E /* Willson.app */;
			productType = "com.apple.product-type.application";
		};
/* End PBXNativeTarget section */

/* Begin PBXProject section */
		D96584FA22C4E7E40072CC5E /* Project object */ = {
			isa = PBXProject;
			attributes = {
				LastSwiftUpdateCheck = 1020;
				LastUpgradeCheck = 1020;
				ORGANIZATIONNAME = JaehuiKim;
				TargetAttributes = {
					D965850122C4E7E40072CC5E = {
						CreatedOnToolsVersion = 10.2.1;
					};
				};
			};
			buildConfigurationList = D96584FD22C4E7E40072CC5E /* Build configuration list for PBXProject "Willson" */;
			compatibilityVersion = "Xcode 9.3";
			developmentRegion = en;
			hasScannedForEncodings = 0;
			knownRegions = (
				en,
				Base,
			);
			mainGroup = D96584F922C4E7E40072CC5E;
			productRefGroup = D965850322C4E7E40072CC5E /* Products */;
			projectDirPath = "";
			projectRoot = "";
			targets = (
				D965850122C4E7E40072CC5E /* Willson */,
			);
		};
/* End PBXProject section */

/* Begin PBXResourcesBuildPhase section */
		D965850022C4E7E40072CC5E /* Resources */ = {
			isa = PBXResourcesBuildPhase;
			buildActionMask = 2147483647;
			files = (
				6632768422D10686005DC6DC /* ChatHeaderTVC.xib in Resources */,
				D965853F22C4EBD70072CC5E /* HelperChat.storyboard in Resources */,
				D965851022C4E7E60072CC5E /* LaunchScreen.storyboard in Resources */,
				D9E64E5122CDDFA4003265E4 /* HelperTabbar.storyboard in Resources */,
				D965852D22C4EB2C0072CC5E /* AskerSignUp.storyboard in Resources */,
				6634344222C67ED500D419EC /* NanumSquareEB.ttf in Resources */,
				D9162FAD22D4F4B80018E471 /* HelperRequestTitleCollectionViewCell.xib in Resources */,
				6634344522C67EE600D419EC /* NanumSquareL.ttf in Resources */,
				663835CC22CA3EBC003265C7 /* HelperCollectionViewCell.xib in Resources */,
				D9BA14B522D2A3E5001FEC6D /* NoChatListTableViewCell.xib in Resources */,
				663F82AD22D0D81800EAD932 /* ChatTableViewCell.xib in Resources */,
				D965853722C4EB890072CC5E /* AskerList.storyboard in Resources */,
				D9AC038322CE1DA400E16AD8 /* ConcernCollectionViewCell.xib in Resources */,
				D965854122C4EBE50072CC5E /* HelperRequest.storyboard in Resources */,
				D9AC038722CE601C00E16AD8 /* FeelCollectionViewCell.xib in Resources */,
				669624F822CC5F2D00599E96 /* HelperReviewCollectionViewCell.xib in Resources */,
				D915535222D1FB9C00A38390 /* Splash.storyboard in Resources */,
				D965852F22C4EB430072CC5E /* AskerLogin.storyboard in Resources */,
				D965853322C4EB560072CC5E /* AskerChat.storyboard in Resources */,
				D965850D22C4E7E60072CC5E /* Assets.xcassets in Resources */,
				D965850B22C4E7E40072CC5E /* AskerMain.storyboard in Resources */,
				663835C122C9ECED003265C7 /* ReviewSlide.xib in Resources */,
				D965853522C4EB6B0072CC5E /* AskerMypage.storyboard in Resources */,
				D965854322C4EBF60072CC5E /* HelperSignUp.storyboard in Resources */,
				D915F8A222CDCB40009DA734 /* AskerTabbar.storyboard in Resources */,
				D9162FB122D511870018E471 /* ProblemDetailTitleTableViewCell.xib in Resources */,
				D965853122C4EB4F0072CC5E /* AskerRequest.storyboard in Resources */,
				663835BB22C9C82D003265C7 /* Slide.xib in Resources */,
				D965853B22C4EBC00072CC5E /* HelperMypage.storyboard in Resources */,
				D9AC038E22CE8B9300E16AD8 /* ChatListTableViewCell.xib in Resources */,
				6634344422C67EE300D419EC /* NanumSquareR.ttf in Resources */,
				D98BA5C522D0131500E72C02 /* HelperRequestCollectionViewCell.xib in Resources */,
				6634344322C67EDF00D419EC /* NanumSquareB.ttf in Resources */,
				D965853D22C4EBCA0072CC5E /* HelperProfile.storyboard in Resources */,
				D9162FB522D519D20018E471 /* ProblemDetailTableViewCell.xib in Resources */,
			);
			runOnlyForDeploymentPostprocessing = 0;
		};
/* End PBXResourcesBuildPhase section */

/* Begin PBXShellScriptBuildPhase section */
		51BE7340D8D033FCA35ED8DE /* [CP] Check Pods Manifest.lock */ = {
			isa = PBXShellScriptBuildPhase;
			buildActionMask = 2147483647;
			files = (
			);
			inputFileListPaths = (
			);
			inputPaths = (
				"${PODS_PODFILE_DIR_PATH}/Podfile.lock",
				"${PODS_ROOT}/Manifest.lock",
			);
			name = "[CP] Check Pods Manifest.lock";
			outputFileListPaths = (
			);
			outputPaths = (
				"$(DERIVED_FILE_DIR)/Pods-Willson-checkManifestLockResult.txt",
			);
			runOnlyForDeploymentPostprocessing = 0;
			shellPath = /bin/sh;
			shellScript = "diff \"${PODS_PODFILE_DIR_PATH}/Podfile.lock\" \"${PODS_ROOT}/Manifest.lock\" > /dev/null\nif [ $? != 0 ] ; then\n    # print error to STDERR\n    echo \"error: The sandbox is not in sync with the Podfile.lock. Run 'pod install' or update your CocoaPods installation.\" >&2\n    exit 1\nfi\n# This output is used by Xcode 'outputs' to avoid re-running this script phase.\necho \"SUCCESS\" > \"${SCRIPT_OUTPUT_FILE_0}\"\n";
			showEnvVarsInLog = 0;
		};
		941E85A60829FE1EF0444B9A /* [CP] Embed Pods Frameworks */ = {
			isa = PBXShellScriptBuildPhase;
			buildActionMask = 2147483647;
			files = (
			);
			inputFileListPaths = (
				"${PODS_ROOT}/Target Support Files/Pods-Willson/Pods-Willson-frameworks-${CONFIGURATION}-input-files.xcfilelist",
			);
			name = "[CP] Embed Pods Frameworks";
			outputFileListPaths = (
				"${PODS_ROOT}/Target Support Files/Pods-Willson/Pods-Willson-frameworks-${CONFIGURATION}-output-files.xcfilelist",
			);
			runOnlyForDeploymentPostprocessing = 0;
			shellPath = /bin/sh;
			shellScript = "\"${PODS_ROOT}/Target Support Files/Pods-Willson/Pods-Willson-frameworks.sh\"\n";
			showEnvVarsInLog = 0;
		};
/* End PBXShellScriptBuildPhase section */

/* Begin PBXSourcesBuildPhase section */
		D96584FE22C4E7E40072CC5E /* Sources */ = {
			isa = PBXSourcesBuildPhase;
			buildActionMask = 2147483647;
			files = (
				D92C2C4D22CFFD05004F7CAB /* CompleteReviewViewController.swift in Sources */,
				6633E3F922D436D400DF81AC /* SignIn.swift in Sources */,
				660D086322CCEAAC00FD3F5C /* MyPageViewController.swift in Sources */,
				D982BCC322C9F9A300458662 /* AskerListStartViewController.swift in Sources */,
				6634344B22C7BF0300D419EC /* AskerSignUpViewController2.swift in Sources */,
				66316A2A22D20EED0033B519 /* UILabel_extension.swift in Sources */,
				D98BA5C022D0119800E72C02 /* HelperRequestViewController.swift in Sources */,
				D9162FAC22D4F4B80018E471 /* HelperRequestTitleCollectionViewCell.swift in Sources */,
				669624F722CC5F2D00599E96 /* HelperReviewCollectionViewCell.swift in Sources */,
				6632768222D10671005DC6DC /* ChatHeaderTVC.swift in Sources */,
				663F829C22D068B300EAD932 /* HelperEnrollInfoViewController.swift in Sources */,
				D9AC038222CE1DA400E16AD8 /* ConcernCollectionViewCell.swift in Sources */,
				D982BCC322C9F9A300458662 /* AskerListStartViewController.swift in Sources */,
				66AF81B022CFA4DC00722FF2 /* HelperEnrollStartViewController.swift in Sources */,
				66AF81B422CFAB9600722FF2 /* HelperEnrollCategoryViewController.swift in Sources */,
				66D7E07122D4F16300AC0C9B /* SignUp.swift in Sources */,
				6634344B22C7BF0300D419EC /* AskerSignUpViewController2.swift in Sources */,
				D9AC038D22CE8B9300E16AD8 /* ChatListTableViewCell.swift in Sources */,
				D9AC036E22CE192D00E16AD8 /* AskerList3_ImpactViewController.swift in Sources */,
				D9AC037622CE1A3000E16AD8 /* AskerList8_ChatDirectionViewController.swift in Sources */,
				D9AC037822CE1A4D00E16AD8 /* AskerList9_AgreementViewController.swift in Sources */,
				663835BF22C9ECDA003265C7 /* ReviewSlide.swift in Sources */,
				D9AC037022CE196F00E16AD8 /* AskerList5_HelperSexViewController.swift in Sources */,
				D915535422D1FBC100A38390 /* SplashViewController.swift in Sources */,
				D918A54922D3A97D001DCCBE /* CollectionReusableView.swift in Sources */,
				D965850622C4E7E40072CC5E /* AppDelegate.swift in Sources */,
				6633E3FD22D4840300DF81AC /* SignInData.swift in Sources */,
				663F829622CFFD9000EAD932 /* HelperEnrollExperienceViewController.swift in Sources */,
				D915F8A422CDCE60009DA734 /* AskerChatListViewController.swift in Sources */,
				D9162FA922D4F4750018E471 /* ProblemDetailViewController.swift in Sources */,
				663835D422CAFDD7003265C7 /* AskerSNSSignUpViewController.swift in Sources */,
				663835D022CA6A53003265C7 /* HelperProfileViewController.swift in Sources */,
				6634344922C7BEE600D419EC /* AskerSignUpViewController1.swift in Sources */,
				66D7E07322D4F19300AC0C9B /* SignUpData.swift in Sources */,
				663835B922C9BC30003265C7 /* Slide.swift in Sources */,
				D92C2C4B22CFFCEA004F7CAB /* FinishChatViewController.swift in Sources */,
				D9BA14B422D2A3E5001FEC6D /* NoChatListTableViewCell.swift in Sources */,
				6634344722C755B500D419EC /* AskerLoginViewController.swift in Sources */,
				D9E64E4B22CDDF1A003265E4 /* HelperChatListViewController.swift in Sources */,
				D9BA14B122D29C11001FEC6D /* CompleteRequestViewController.swift in Sources */,
				663F829822D0606800EAD932 /* HelperEnrollIntroViewController.swift in Sources */,
				D92C2C4F22D00A52004F7CAB /* ExaminHelperViewController.swift in Sources */,
				D9E64E4F22CDDF76003265E4 /* HelperMypageViewController.swift in Sources */,
				6633E3F122D3D63100DF81AC /* UserSigninService.swift in Sources */,
				66AF81B622CFC09100722FF2 /* HelperEnrollDetailCategoryViewController.swift in Sources */,
				D9AC037422CE1A1100E16AD8 /* AskerList7_HelperExperienceViewController.swift in Sources */,
				D918A54B22D3ACD2001DCCBE /* HelperStory.swift in Sources */,
				663835B522C9BAE3003265C7 /* AskerMainViewController.swift in Sources */,
				D982BCC522CA025200458662 /* AskerList1_CategoryViewController.swift in Sources */,
				D9AC036C22CE18F500E16AD8 /* AskerList4_DetailViewController.swift in Sources */,
				6633E3FF22D4947100DF81AC /* HelperStoryData.swift in Sources */,
				D9AC037222CE199500E16AD8 /* AskerList6_HelperCharacterViewController.swift in Sources */,
				D915535622D20EC400A38390 /* CustomButton.swift in Sources */,
				6634344722C755B500D419EC /* AskerLoginViewController.swift in Sources */,
				D9162FB422D519D20018E471 /* ProblemDetailTableViewCell.swift in Sources */,
				D982BCC722CA0B2A00458662 /* AskerList2_FeelViewController.swift in Sources */,
				663835C422CA2A09003265C7 /* AskerRequestViewController.swift in Sources */,
				66C661CE22CC8F3D008A451F /* PopUpViewController3.swift in Sources */,
				663F82A022D0A76800EAD932 /* HelperChatRoomViewController.swift in Sources */,
				663835B522C9BAE3003265C7 /* AskerMainViewController.swift in Sources */,
				D9162FB022D511870018E471 /* ProblemDetailTitleTableViewCell.swift in Sources */,
				66E5E78422CBC2DC00B43D93 /* UIViewController_Extension.swift in Sources */,
				66316A2622D202790033B519 /* AskerChatRoomViewController.swift in Sources */,
				D9AC038622CE601C00E16AD8 /* FeelCollectionViewCell.swift in Sources */,
				663835D222CA87A8003265C7 /* PopUpViewController.swift in Sources */,
				66E5E78022CB500400B43D93 /* PopUpViewController2.swift in Sources */,
				66AF81B222CFAA7000722FF2 /* UINavigationbar_Extension.swift in Sources */,
				D98BA5C422D0131500E72C02 /* HelperRequestCollectionViewCell.swift in Sources */,
				D9AC036A22CDEB7200E16AD8 /* HelperModeProfileViewController.swift in Sources */,
				663368CA22CD36D800C3C694 /* PopUpViewController4.swift in Sources */,
				663835CA22CA3E54003265C7 /* HelperCollectionViewCell.swift in Sources */,
				663F82AB22D0D7F700EAD932 /* ChatTableViewCell.swift in Sources */,
				D918A54D22D3ADC3001DCCBE /* HelperStoryService.swift in Sources */,
				6633E3EB22D3CAE600DF81AC /* ServerString.swift in Sources */,
				663F829E22D07AF000EAD932 /* HelperEnrollCertificateViewController.swift in Sources */,
				D9AC039022CE917200E16AD8 /* ReviewStarViewController.swift in Sources */,
				663835C622CA33F9003265C7 /* CustonView.swift in Sources */,
				D982BCC522CA025200458662 /* AskerList1_CategoryViewController.swift in Sources */,
				D92C2C5122D00A70004F7CAB /* HelperNoRequestViewController.swift in Sources */,
				66E5E78222CB809C00B43D93 /* PopUpVC.swift in Sources */,
				6634344722C755B500D419EC /* AskerLoginViewController.swift in Sources */,
				D982BCC722CA0B2A00458662 /* AskerList2_FeelViewController.swift in Sources */,
			);
			runOnlyForDeploymentPostprocessing = 0;
		};
/* End PBXSourcesBuildPhase section */

/* Begin PBXVariantGroup section */
		D965850922C4E7E40072CC5E /* AskerMain.storyboard */ = {
			isa = PBXVariantGroup;
			children = (
				D965850A22C4E7E40072CC5E /* Base */,
			);
			name = AskerMain.storyboard;
			sourceTree = "<group>";
		};
		D965850E22C4E7E60072CC5E /* LaunchScreen.storyboard */ = {
			isa = PBXVariantGroup;
			children = (
				D965850F22C4E7E60072CC5E /* Base */,
			);
			name = LaunchScreen.storyboard;
			sourceTree = "<group>";
		};
/* End PBXVariantGroup section */

/* Begin XCBuildConfiguration section */
		D965851222C4E7E60072CC5E /* Debug */ = {
			isa = XCBuildConfiguration;
			buildSettings = {
				ALWAYS_SEARCH_USER_PATHS = NO;
				CLANG_ANALYZER_NONNULL = YES;
				CLANG_ANALYZER_NUMBER_OBJECT_CONVERSION = YES_AGGRESSIVE;
				CLANG_CXX_LANGUAGE_STANDARD = "gnu++14";
				CLANG_CXX_LIBRARY = "libc++";
				CLANG_ENABLE_MODULES = YES;
				CLANG_ENABLE_OBJC_ARC = YES;
				CLANG_ENABLE_OBJC_WEAK = YES;
				CLANG_WARN_BLOCK_CAPTURE_AUTORELEASING = YES;
				CLANG_WARN_BOOL_CONVERSION = YES;
				CLANG_WARN_COMMA = YES;
				CLANG_WARN_CONSTANT_CONVERSION = YES;
				CLANG_WARN_DEPRECATED_OBJC_IMPLEMENTATIONS = YES;
				CLANG_WARN_DIRECT_OBJC_ISA_USAGE = YES_ERROR;
				CLANG_WARN_DOCUMENTATION_COMMENTS = YES;
				CLANG_WARN_EMPTY_BODY = YES;
				CLANG_WARN_ENUM_CONVERSION = YES;
				CLANG_WARN_INFINITE_RECURSION = YES;
				CLANG_WARN_INT_CONVERSION = YES;
				CLANG_WARN_NON_LITERAL_NULL_CONVERSION = YES;
				CLANG_WARN_OBJC_IMPLICIT_RETAIN_SELF = YES;
				CLANG_WARN_OBJC_LITERAL_CONVERSION = YES;
				CLANG_WARN_OBJC_ROOT_CLASS = YES_ERROR;
				CLANG_WARN_RANGE_LOOP_ANALYSIS = YES;
				CLANG_WARN_STRICT_PROTOTYPES = YES;
				CLANG_WARN_SUSPICIOUS_MOVE = YES;
				CLANG_WARN_UNGUARDED_AVAILABILITY = YES_AGGRESSIVE;
				CLANG_WARN_UNREACHABLE_CODE = YES;
				CLANG_WARN__DUPLICATE_METHOD_MATCH = YES;
				CODE_SIGN_IDENTITY = "iPhone Developer";
				COPY_PHASE_STRIP = NO;
				DEBUG_INFORMATION_FORMAT = dwarf;
				ENABLE_STRICT_OBJC_MSGSEND = YES;
				ENABLE_TESTABILITY = YES;
				GCC_C_LANGUAGE_STANDARD = gnu11;
				GCC_DYNAMIC_NO_PIC = NO;
				GCC_NO_COMMON_BLOCKS = YES;
				GCC_OPTIMIZATION_LEVEL = 0;
				GCC_PREPROCESSOR_DEFINITIONS = (
					"DEBUG=1",
					"$(inherited)",
				);
				GCC_WARN_64_TO_32_BIT_CONVERSION = YES;
				GCC_WARN_ABOUT_RETURN_TYPE = YES_ERROR;
				GCC_WARN_UNDECLARED_SELECTOR = YES;
				GCC_WARN_UNINITIALIZED_AUTOS = YES_AGGRESSIVE;
				GCC_WARN_UNUSED_FUNCTION = YES;
				GCC_WARN_UNUSED_VARIABLE = YES;
				IPHONEOS_DEPLOYMENT_TARGET = 12.0;
				MTL_ENABLE_DEBUG_INFO = INCLUDE_SOURCE;
				MTL_FAST_MATH = YES;
				ONLY_ACTIVE_ARCH = YES;
				OTHER_LDFLAGS = "-ObjC";
				SDKROOT = iphoneos;
				SWIFT_ACTIVE_COMPILATION_CONDITIONS = DEBUG;
				SWIFT_OPTIMIZATION_LEVEL = "-Onone";
			};
			name = Debug;
		};
		D965851322C4E7E60072CC5E /* Release */ = {
			isa = XCBuildConfiguration;
			buildSettings = {
				ALWAYS_SEARCH_USER_PATHS = NO;
				CLANG_ANALYZER_NONNULL = YES;
				CLANG_ANALYZER_NUMBER_OBJECT_CONVERSION = YES_AGGRESSIVE;
				CLANG_CXX_LANGUAGE_STANDARD = "gnu++14";
				CLANG_CXX_LIBRARY = "libc++";
				CLANG_ENABLE_MODULES = YES;
				CLANG_ENABLE_OBJC_ARC = YES;
				CLANG_ENABLE_OBJC_WEAK = YES;
				CLANG_WARN_BLOCK_CAPTURE_AUTORELEASING = YES;
				CLANG_WARN_BOOL_CONVERSION = YES;
				CLANG_WARN_COMMA = YES;
				CLANG_WARN_CONSTANT_CONVERSION = YES;
				CLANG_WARN_DEPRECATED_OBJC_IMPLEMENTATIONS = YES;
				CLANG_WARN_DIRECT_OBJC_ISA_USAGE = YES_ERROR;
				CLANG_WARN_DOCUMENTATION_COMMENTS = YES;
				CLANG_WARN_EMPTY_BODY = YES;
				CLANG_WARN_ENUM_CONVERSION = YES;
				CLANG_WARN_INFINITE_RECURSION = YES;
				CLANG_WARN_INT_CONVERSION = YES;
				CLANG_WARN_NON_LITERAL_NULL_CONVERSION = YES;
				CLANG_WARN_OBJC_IMPLICIT_RETAIN_SELF = YES;
				CLANG_WARN_OBJC_LITERAL_CONVERSION = YES;
				CLANG_WARN_OBJC_ROOT_CLASS = YES_ERROR;
				CLANG_WARN_RANGE_LOOP_ANALYSIS = YES;
				CLANG_WARN_STRICT_PROTOTYPES = YES;
				CLANG_WARN_SUSPICIOUS_MOVE = YES;
				CLANG_WARN_UNGUARDED_AVAILABILITY = YES_AGGRESSIVE;
				CLANG_WARN_UNREACHABLE_CODE = YES;
				CLANG_WARN__DUPLICATE_METHOD_MATCH = YES;
				CODE_SIGN_IDENTITY = "iPhone Developer";
				COPY_PHASE_STRIP = NO;
				DEBUG_INFORMATION_FORMAT = "dwarf-with-dsym";
				ENABLE_NS_ASSERTIONS = NO;
				ENABLE_STRICT_OBJC_MSGSEND = YES;
				GCC_C_LANGUAGE_STANDARD = gnu11;
				GCC_NO_COMMON_BLOCKS = YES;
				GCC_WARN_64_TO_32_BIT_CONVERSION = YES;
				GCC_WARN_ABOUT_RETURN_TYPE = YES_ERROR;
				GCC_WARN_UNDECLARED_SELECTOR = YES;
				GCC_WARN_UNINITIALIZED_AUTOS = YES_AGGRESSIVE;
				GCC_WARN_UNUSED_FUNCTION = YES;
				GCC_WARN_UNUSED_VARIABLE = YES;
				IPHONEOS_DEPLOYMENT_TARGET = 12.0;
				MTL_ENABLE_DEBUG_INFO = NO;
				MTL_FAST_MATH = YES;
				OTHER_LDFLAGS = "-ObjC";
				SDKROOT = iphoneos;
				SWIFT_COMPILATION_MODE = wholemodule;
				SWIFT_OPTIMIZATION_LEVEL = "-O";
				VALIDATE_PRODUCT = YES;
			};
			name = Release;
		};
		D965851522C4E7E60072CC5E /* Debug */ = {
			isa = XCBuildConfiguration;
			baseConfigurationReference = ABF23D3E76D75D4A1670D121 /* Pods-Willson.debug.xcconfig */;
			buildSettings = {
				ASSETCATALOG_COMPILER_APPICON_NAME = AppIcon;
				CODE_SIGN_STYLE = Automatic;
				DEVELOPMENT_TEAM = 3V828TVJJT;
				INFOPLIST_FILE = "$(SRCROOT)/Willson/supporting files/Info.plist";
				IPHONEOS_DEPLOYMENT_TARGET = 12.0;
				LD_RUNPATH_SEARCH_PATHS = (
					"$(inherited)",
					"@executable_path/Frameworks",
				);
				OTHER_LDFLAGS = (
					"$(inherited)",
					"-l\"z\"",
					"-framework",
					"\"Alamofire\"",
					"-framework",
					"\"AlamofireObjectMapper\"",
					"-framework",
					"\"CFNetwork\"",
					"-framework",
					"\"DLRadioButton\"",
					"-framework",
					"\"FBSDKCoreKit\"",
					"-framework",
					"\"FBSDKLoginKit\"",
					"-framework",
					"\"Kingfisher\"",
					"-framework",
					"\"ObjectMapper\"",
					"-weak_framework",
					"\"Accounts\"",
					"-weak_framework",
					"\"AudioToolbox\"",
					"-weak_framework",
					"\"CoreGraphics\"",
					"-weak_framework",
					"\"CoreLocation\"",
					"-weak_framework",
					"\"Foundation\"",
					"-weak_framework",
					"\"QuartzCore\"",
					"-weak_framework",
					"\"Security\"",
					"-weak_framework",
					"\"Social\"",
					"-weak_framework",
					"\"UIKit\"",
				);
				PRODUCT_BUNDLE_IDENTIFIER = com.Willson;
				PRODUCT_NAME = "$(TARGET_NAME)";
				SWIFT_VERSION = 5.0;
				TARGETED_DEVICE_FAMILY = 1;
			};
			name = Debug;
		};
		D965851622C4E7E60072CC5E /* Release */ = {
			isa = XCBuildConfiguration;
			baseConfigurationReference = 1BAEDD6E774F4EB08452D077 /* Pods-Willson.release.xcconfig */;
			buildSettings = {
				ASSETCATALOG_COMPILER_APPICON_NAME = AppIcon;
				CODE_SIGN_STYLE = Automatic;
				DEVELOPMENT_TEAM = 3V828TVJJT;
				INFOPLIST_FILE = "$(SRCROOT)/Willson/supporting files/Info.plist";
				IPHONEOS_DEPLOYMENT_TARGET = 12.0;
				LD_RUNPATH_SEARCH_PATHS = (
					"$(inherited)",
					"@executable_path/Frameworks",
				);
				OTHER_LDFLAGS = (
					"$(inherited)",
					"-l\"z\"",
					"-framework",
					"\"Alamofire\"",
					"-framework",
					"\"AlamofireObjectMapper\"",
					"-framework",
					"\"CFNetwork\"",
					"-framework",
					"\"DLRadioButton\"",
					"-framework",
					"\"FBSDKCoreKit\"",
					"-framework",
					"\"FBSDKLoginKit\"",
					"-framework",
					"\"Kingfisher\"",
					"-framework",
					"\"ObjectMapper\"",
					"-weak_framework",
					"\"Accounts\"",
					"-weak_framework",
					"\"AudioToolbox\"",
					"-weak_framework",
					"\"CoreGraphics\"",
					"-weak_framework",
					"\"CoreLocation\"",
					"-weak_framework",
					"\"Foundation\"",
					"-weak_framework",
					"\"QuartzCore\"",
					"-weak_framework",
					"\"Security\"",
					"-weak_framework",
					"\"Social\"",
					"-weak_framework",
					"\"UIKit\"",
				);
				PRODUCT_BUNDLE_IDENTIFIER = com.Willson;
				PRODUCT_NAME = "$(TARGET_NAME)";
				SWIFT_VERSION = 5.0;
				TARGETED_DEVICE_FAMILY = 1;
			};
			name = Release;
		};
/* End XCBuildConfiguration section */

/* Begin XCConfigurationList section */
		D96584FD22C4E7E40072CC5E /* Build configuration list for PBXProject "Willson" */ = {
			isa = XCConfigurationList;
			buildConfigurations = (
				D965851222C4E7E60072CC5E /* Debug */,
				D965851322C4E7E60072CC5E /* Release */,
			);
			defaultConfigurationIsVisible = 0;
			defaultConfigurationName = Release;
		};
		D965851422C4E7E60072CC5E /* Build configuration list for PBXNativeTarget "Willson" */ = {
			isa = XCConfigurationList;
			buildConfigurations = (
				D965851522C4E7E60072CC5E /* Debug */,
				D965851622C4E7E60072CC5E /* Release */,
			);
			defaultConfigurationIsVisible = 0;
			defaultConfigurationName = Release;
		};
/* End XCConfigurationList section */
	};
	rootObject = D96584FA22C4E7E40072CC5E /* Project object */;
}
